
Microsoft Visual Studio Solution File, Format Version 12.00
# Visual Studio Version 17
VisualStudioVersion = 17.0.31903.59
MinimumVisualStudioVersion = 10.0.40219.1
Project("{2150E333-8FDC-42A3-9474-1A3956D46DE8}") = "server", "server", "{0C9677B6-ECC3-4158-A8B0-3A4F6162D2C9}"
EndProject
Project("{9A19103F-16F7-4668-BE54-9A1E7A4F7556}") = "ProductService", "server\ProductService\ProductService.csproj", "{00D541A6-B566-4EAA-9E13-A116CC015823}"
EndProject
Project("{9A19103F-16F7-4668-BE54-9A1E7A4F7556}") = "SharedService", "server\SharedService\SharedService.csproj", "{8D35338A-2D72-439E-B94D-5B4EBF57A171}"
EndProject
Project("{9A19103F-16F7-4668-BE54-9A1E7A4F7556}") = "SearchService", "server\SearchService\SearchService.csproj", "{F629C504-3506-468B-A44A-28A4803F242F}"
EndProject
Project("{9A19103F-16F7-4668-BE54-9A1E7A4F7556}") = "IdentityService", "server\IdentityService\IdentityService.csproj", "{794F18D8-7E54-457C-AFC7-ACC3E7D1BBD9}"
EndProject
Project("{9A19103F-16F7-4668-BE54-9A1E7A4F7556}") = "GatewayService", "server\GatewayService\GatewayService.csproj", "{5D2CDBE1-BDBC-41A8-821B-A4D1DBADDACB}"
EndProject
Global
	GlobalSection(SolutionConfigurationPlatforms) = preSolution
		Debug|Any CPU = Debug|Any CPU
		Release|Any CPU = Release|Any CPU
	EndGlobalSection
	GlobalSection(ProjectConfigurationPlatforms) = postSolution
		{00D541A6-B566-4EAA-9E13-A116CC015823}.Debug|Any CPU.ActiveCfg = Debug|Any CPU
		{00D541A6-B566-4EAA-9E13-A116CC015823}.Debug|Any CPU.Build.0 = Debug|Any CPU
		{00D541A6-B566-4EAA-9E13-A116CC015823}.Release|Any CPU.ActiveCfg = Release|Any CPU
		{00D541A6-B566-4EAA-9E13-A116CC015823}.Release|Any CPU.Build.0 = Release|Any CPU
		{8D35338A-2D72-439E-B94D-5B4EBF57A171}.Debug|Any CPU.ActiveCfg = Debug|Any CPU
		{8D35338A-2D72-439E-B94D-5B4EBF57A171}.Debug|Any CPU.Build.0 = Debug|Any CPU
		{8D35338A-2D72-439E-B94D-5B4EBF57A171}.Release|Any CPU.ActiveCfg = Release|Any CPU
		{8D35338A-2D72-439E-B94D-5B4EBF57A171}.Release|Any CPU.Build.0 = Release|Any CPU
		{F629C504-3506-468B-A44A-28A4803F242F}.Debug|Any CPU.ActiveCfg = Debug|Any CPU
		{F629C504-3506-468B-A44A-28A4803F242F}.Debug|Any CPU.Build.0 = Debug|Any CPU
		{F629C504-3506-468B-A44A-28A4803F242F}.Release|Any CPU.ActiveCfg = Release|Any CPU
		{F629C504-3506-468B-A44A-28A4803F242F}.Release|Any CPU.Build.0 = Release|Any CPU
		{794F18D8-7E54-457C-AFC7-ACC3E7D1BBD9}.Debug|Any CPU.ActiveCfg = Debug|Any CPU
		{794F18D8-7E54-457C-AFC7-ACC3E7D1BBD9}.Debug|Any CPU.Build.0 = Debug|Any CPU
		{794F18D8-7E54-457C-AFC7-ACC3E7D1BBD9}.Release|Any CPU.ActiveCfg = Release|Any CPU
		{794F18D8-7E54-457C-AFC7-ACC3E7D1BBD9}.Release|Any CPU.Build.0 = Release|Any CPU
		{5D2CDBE1-BDBC-41A8-821B-A4D1DBADDACB}.Debug|Any CPU.ActiveCfg = Debug|Any CPU
		{5D2CDBE1-BDBC-41A8-821B-A4D1DBADDACB}.Debug|Any CPU.Build.0 = Debug|Any CPU
		{5D2CDBE1-BDBC-41A8-821B-A4D1DBADDACB}.Release|Any CPU.ActiveCfg = Release|Any CPU
		{5D2CDBE1-BDBC-41A8-821B-A4D1DBADDACB}.Release|Any CPU.Build.0 = Release|Any CPU
	EndGlobalSection
	GlobalSection(SolutionProperties) = preSolution
		HideSolutionNode = FALSE
	EndGlobalSection
	GlobalSection(NestedProjects) = preSolution
		{00D541A6-B566-4EAA-9E13-A116CC015823} = {0C9677B6-ECC3-4158-A8B0-3A4F6162D2C9}
		{8D35338A-2D72-439E-B94D-5B4EBF57A171} = {0C9677B6-ECC3-4158-A8B0-3A4F6162D2C9}
		{F629C504-3506-468B-A44A-28A4803F242F} = {0C9677B6-ECC3-4158-A8B0-3A4F6162D2C9}
		{794F18D8-7E54-457C-AFC7-ACC3E7D1BBD9} = {0C9677B6-ECC3-4158-A8B0-3A4F6162D2C9}
		{5D2CDBE1-BDBC-41A8-821B-A4D1DBADDACB} = {0C9677B6-ECC3-4158-A8B0-3A4F6162D2C9}
	EndGlobalSection
	GlobalSection(ExtensibilityGlobals) = postSolution
		SolutionGuid = {2FEC7F34-05BD-4319-832C-D5D59D104FB6}
	EndGlobalSection
EndGlobal
